
Microsoft Visual Studio Solution File, Format Version 12.00
# Visual Studio Version 16
VisualStudioVersion = 16.0.31424.327
MinimumVisualStudioVersion = 10.0.40219.1
Project("{FAE04EC0-301F-11D3-BF4B-00C04F79EFBC}") = "minipro1", "minipro1\minipro1.csproj", "{B08AAE4A-8E2D-4B35-B68C-21E168A62F34}"
EndProject
Project("{FAE04EC0-301F-11D3-BF4B-00C04F79EFBC}") = "test123", "test123\test123.csproj", "{5EDB4ED6-EDA0-414A-B617-C44FE355DA85}"
EndProject
Global
	GlobalSection(SolutionConfigurationPlatforms) = preSolution
		Debug|Any CPU = Debug|Any CPU
		Release|Any CPU = Release|Any CPU
	EndGlobalSection
	GlobalSection(ProjectConfigurationPlatforms) = postSolution
		{B08AAE4A-8E2D-4B35-B68C-21E168A62F34}.Debug|Any CPU.ActiveCfg = Debug|Any CPU
		{B08AAE4A-8E2D-4B35-B68C-21E168A62F34}.Debug|Any CPU.Build.0 = Debug|Any CPU
		{B08AAE4A-8E2D-4B35-B68C-21E168A62F34}.Release|Any CPU.ActiveCfg = Release|Any CPU
		{B08AAE4A-8E2D-4B35-B68C-21E168A62F34}.Release|Any CPU.Build.0 = Release|Any CPU
		{5EDB4ED6-EDA0-414A-B617-C44FE355DA85}.Debug|Any CPU.ActiveCfg = Debug|Any CPU
		{5EDB4ED6-EDA0-414A-B617-C44FE355DA85}.Debug|Any CPU.Build.0 = Debug|Any CPU
		{5EDB4ED6-EDA0-414A-B617-C44FE355DA85}.Release|Any CPU.ActiveCfg = Release|Any CPU
		{5EDB4ED6-EDA0-414A-B617-C44FE355DA85}.Release|Any CPU.Build.0 = Release|Any CPU
	EndGlobalSection
	GlobalSection(SolutionProperties) = preSolution
		HideSolutionNode = FALSE
	EndGlobalSection
	GlobalSection(ExtensibilityGlobals) = postSolution
		SolutionGuid = {17514F72-1CAD-41DB-A488-2EB3DA5FB666}
	EndGlobalSection
EndGlobal
